
Microsoft Visual Studio Solution File, Format Version 12.00
# Visual Studio Version 16
VisualStudioVersion = 16.0.31205.134
MinimumVisualStudioVersion = 10.0.40219.1
Project("{FAE04EC0-301F-11D3-BF4B-00C04F79EFBC}") = "Database", "Database\Database.csproj", "{B20949A5-12EE-49EC-9B82-E0454A45A838}"
EndProject
Project("{FAE04EC0-301F-11D3-BF4B-00C04F79EFBC}") = "Hotel", "Hotel\Hotel.csproj", "{733B0CBD-C43F-4B3E-92CB-45670305817D}"
EndProject
Global
	GlobalSection(SolutionConfigurationPlatforms) = preSolution
		Debug|Any CPU = Debug|Any CPU
		Release|Any CPU = Release|Any CPU
	EndGlobalSection
	GlobalSection(ProjectConfigurationPlatforms) = postSolution
		{B20949A5-12EE-49EC-9B82-E0454A45A838}.Debug|Any CPU.ActiveCfg = Debug|Any CPU
		{B20949A5-12EE-49EC-9B82-E0454A45A838}.Debug|Any CPU.Build.0 = Debug|Any CPU
		{B20949A5-12EE-49EC-9B82-E0454A45A838}.Release|Any CPU.ActiveCfg = Release|Any CPU
		{B20949A5-12EE-49EC-9B82-E0454A45A838}.Release|Any CPU.Build.0 = Release|Any CPU
		{733B0CBD-C43F-4B3E-92CB-45670305817D}.Debug|Any CPU.ActiveCfg = Debug|Any CPU
		{733B0CBD-C43F-4B3E-92CB-45670305817D}.Debug|Any CPU.Build.0 = Debug|Any CPU
		{733B0CBD-C43F-4B3E-92CB-45670305817D}.Release|Any CPU.ActiveCfg = Release|Any CPU
		{733B0CBD-C43F-4B3E-92CB-45670305817D}.Release|Any CPU.Build.0 = Release|Any CPU
	EndGlobalSection
	GlobalSection(SolutionProperties) = preSolution
		HideSolutionNode = FALSE
	EndGlobalSection
	GlobalSection(ExtensibilityGlobals) = postSolution
		SolutionGuid = {F38851D9-4C9E-4B21-85D6-B1203BB1C0AC}
	EndGlobalSection
EndGlobal
